
Microsoft Visual Studio Solution File, Format Version 12.00
# Visual Studio Version 16
VisualStudioVersion = 16.0.29806.167
MinimumVisualStudioVersion = 10.0.40219.1
Project("{FAE04EC0-301F-11D3-BF4B-00C04F79EFBC}") = "MapService", "MapService\MapService.csproj", "{5D9782E4-0291-47A0-939E-6993FA832BF4}"
EndProject
Global
	GlobalSection(SolutionConfigurationPlatforms) = preSolution
		Debug|Any CPU = Debug|Any CPU
		Release|Any CPU = Release|Any CPU
	EndGlobalSection
	GlobalSection(ProjectConfigurationPlatforms) = postSolution
		{5D9782E4-0291-47A0-939E-6993FA832BF4}.Debug|Any CPU.ActiveCfg = Debug|Any CPU
		{5D9782E4-0291-47A0-939E-6993FA832BF4}.Debug|Any CPU.Build.0 = Debug|Any CPU
		{5D9782E4-0291-47A0-939E-6993FA832BF4}.Release|Any CPU.ActiveCfg = Release|Any CPU
		{5D9782E4-0291-47A0-939E-6993FA832BF4}.Release|Any CPU.Build.0 = Release|Any CPU
	EndGlobalSection
	GlobalSection(SolutionProperties) = preSolution
		HideSolutionNode = FALSE
	EndGlobalSection
	GlobalSection(ExtensibilityGlobals) = postSolution
		SolutionGuid = {F7B8F498-E4D5-41BF-9B79-5E08F1F2C90B}
	EndGlobalSection
EndGlobal
